
Microsoft Visual Studio Solution File, Format Version 12.00
# Visual Studio Version 17
VisualStudioVersion = 17.10.35122.118
MinimumVisualStudioVersion = 10.0.40219.1
Project("{FAE04EC0-301F-11D3-BF4B-00C04F79EFBC}") = "TodoTask", "TodoTask.csproj", "{D36A7FF3-4AF1-46ED-A7FB-A101B94348CA}"
EndProject
Global
	GlobalSection(SolutionConfigurationPlatforms) = preSolution
		Debug|Any CPU = Debug|Any CPU
		Release|Any CPU = Release|Any CPU
	EndGlobalSection
	GlobalSection(ProjectConfigurationPlatforms) = postSolution
		{D36A7FF3-4AF1-46ED-A7FB-A101B94348CA}.Debug|Any CPU.ActiveCfg = Debug|Any CPU
		{D36A7FF3-4AF1-46ED-A7FB-A101B94348CA}.Debug|Any CPU.Build.0 = Debug|Any CPU
		{D36A7FF3-4AF1-46ED-A7FB-A101B94348CA}.Release|Any CPU.ActiveCfg = Release|Any CPU
		{D36A7FF3-4AF1-46ED-A7FB-A101B94348CA}.Release|Any CPU.Build.0 = Release|Any CPU
	EndGlobalSection
	GlobalSection(SolutionProperties) = preSolution
		HideSolutionNode = FALSE
	EndGlobalSection
	GlobalSection(ExtensibilityGlobals) = postSolution
		SolutionGuid = {7AD6538A-C6A4-4FD4-8BBE-59F87494CC85}
	EndGlobalSection
EndGlobal
